
Microsoft Visual Studio Solution File, Format Version 12.00
# Visual Studio Version 17
VisualStudioVersion = 17.5.002.0
MinimumVisualStudioVersion = 10.0.40219.1
Project("{9A19103F-16F7-4668-BE54-9A1E7A4F7556}") = "OpenSRS.NET", "OpenSRS.NET\OpenSRS.NET.csproj", "{F6972350-4DB7-4ACF-AFF5-162DC9569F38}"
EndProject
Project("{FAE04EC0-301F-11D3-BF4B-00C04F79EFBC}") = "OpenSRS.NET.Tests", "OpenSRS.NET.Tests\OpenSRS.NET.Tests.csproj", "{513ADA16-7446-4F6B-A529-390F94F41277}"
EndProject
Global
	GlobalSection(SolutionConfigurationPlatforms) = preSolution
		Debug|Any CPU = Debug|Any CPU
		Release|Any CPU = Release|Any CPU
	EndGlobalSection
	GlobalSection(ProjectConfigurationPlatforms) = postSolution
		{F6972350-4DB7-4ACF-AFF5-162DC9569F38}.Debug|Any CPU.ActiveCfg = Debug|Any CPU
		{F6972350-4DB7-4ACF-AFF5-162DC9569F38}.Debug|Any CPU.Build.0 = Debug|Any CPU
		{F6972350-4DB7-4ACF-AFF5-162DC9569F38}.Release|Any CPU.ActiveCfg = Release|Any CPU
		{F6972350-4DB7-4ACF-AFF5-162DC9569F38}.Release|Any CPU.Build.0 = Release|Any CPU
		{513ADA16-7446-4F6B-A529-390F94F41277}.Debug|Any CPU.ActiveCfg = Debug|Any CPU
		{513ADA16-7446-4F6B-A529-390F94F41277}.Debug|Any CPU.Build.0 = Debug|Any CPU
		{513ADA16-7446-4F6B-A529-390F94F41277}.Release|Any CPU.ActiveCfg = Release|Any CPU
		{513ADA16-7446-4F6B-A529-390F94F41277}.Release|Any CPU.Build.0 = Release|Any CPU
	EndGlobalSection
	GlobalSection(SolutionProperties) = preSolution
		HideSolutionNode = FALSE
	EndGlobalSection
	GlobalSection(ExtensibilityGlobals) = postSolution
		SolutionGuid = {7133A9DA-A288-4F84-A9C0-01363C9A41DB}
	EndGlobalSection
EndGlobal
